// !$*UTF8*$!
{
	archiveVersion = 1;
	classes = {
	};
	objectVersion = 70;
	objects = {

/* Begin PBXBuildFile section */
		2F35C4392DB4EAED007A2A2D /* Experiment in Frameworks */ = {isa = PBXBuildFile; productRef = 2F35C4382DB4EAED007A2A2D /* Experiment */; };
		2F3FA1672D57B8D100A1F01D /* AmplitudeSwiftSessionReplayPlugin in Frameworks */ = {isa = PBXBuildFile; productRef = 2F3FA1662D57B8D100A1F01D /* AmplitudeSwiftSessionReplayPlugin */; };
		2F7C80452DAA665400139C7C /* NewRelic in Frameworks */ = {isa = PBXBuildFile; productRef = 2F7C80442DAA665400139C7C /* NewRelic */; };
		2FA562B92D4514A600D69DA3 /* AmplitudeSwift in Frameworks */ = {isa = PBXBuildFile; productRef = 2FA562B82D4514A600D69DA3 /* AmplitudeSwift */; };
		2FB907B22D79BD290066A56F /* InlineSnapshotTesting in Frameworks */ = {isa = PBXBuildFile; productRef = 2FB907B12D79BD290066A56F /* InlineSnapshotTesting */; };
		2FB907B42D79BD290066A56F /* SnapshotTesting in Frameworks */ = {isa = PBXBuildFile; productRef = 2FB907B32D79BD290066A56F /* SnapshotTesting */; };
		2FB907B62D79BD290066A56F /* SnapshotTestingCustomDump in Frameworks */ = {isa = PBXBuildFile; productRef = 2FB907B52D79BD290066A56F /* SnapshotTestingCustomDump */; };
		2FBA0C572D844E3200A3626E /* SwiftUIIntrospect in Frameworks */ = {isa = PBXBuildFile; productRef = 2FBA0C562D844E3200A3626E /* SwiftUIIntrospect */; };
		2FE296F92E699E8500A19A00 /* PostHog in Frameworks */ = {isa = PBXBuildFile; productRef = 2FE296F82E699E8500A19A00 /* PostHog */; };
/* End PBXBuildFile section */

/* Begin PBXContainerItemProxy section */
		2F94B9DE2D5DE9B800907DAD /* PBXContainerItemProxy */ = {
			isa = PBXContainerItemProxy;
			containerPortal = 2FD0EA9C29E00D8F00EB19B3 /* Project object */;
			proxyType = 1;
			remoteGlobalIDString = 2FD0EAA329E00D8F00EB19B3;
			remoteInfo = LoanCraft;
		};
		2FB907AA2D79BB660066A56F /* PBXContainerItemProxy */ = {
			isa = PBXContainerItemProxy;
			containerPortal = 2FD0EA9C29E00D8F00EB19B3 /* Project object */;
			proxyType = 1;
			remoteGlobalIDString = 2FD0EAA329E00D8F00EB19B3;
			remoteInfo = LoanCraft;
		};
		2FD0EAB529E00D9200EB19B3 /* PBXContainerItemProxy */ = {
			isa = PBXContainerItemProxy;
			containerPortal = 2FD0EA9C29E00D8F00EB19B3 /* Project object */;
			proxyType = 1;
			remoteGlobalIDString = 2FD0EAA329E00D8F00EB19B3;
			remoteInfo = LoanCraft;
		};
/* End PBXContainerItemProxy section */

/* Begin PBXFileReference section */
		2F94B9D82D5DE9B800907DAD /* AppStoreSnapshots.xctest */ = {isa = PBXFileReference; explicitFileType = wrapper.cfbundle; includeInIndex = 0; path = AppStoreSnapshots.xctest; sourceTree = BUILT_PRODUCTS_DIR; };
		2FB907A62D79BB660066A56F /* SnapshotTests.xctest */ = {isa = PBXFileReference; explicitFileType = wrapper.cfbundle; includeInIndex = 0; path = SnapshotTests.xctest; sourceTree = BUILT_PRODUCTS_DIR; };
		2FD0EAA429E00D8F00EB19B3 /* LoanCraft.app */ = {isa = PBXFileReference; explicitFileType = wrapper.application; includeInIndex = 0; path = LoanCraft.app; sourceTree = BUILT_PRODUCTS_DIR; };
		2FD0EAB429E00D9200EB19B3 /* LoanCraftTests.xctest */ = {isa = PBXFileReference; explicitFileType = wrapper.cfbundle; includeInIndex = 0; path = LoanCraftTests.xctest; sourceTree = BUILT_PRODUCTS_DIR; };
		2FFB29842D7C731700F09E41 /* SnapshotTests.xctestplan */ = {isa = PBXFileReference; lastKnownFileType = text; path = SnapshotTests.xctestplan; sourceTree = "<group>"; };
/* End PBXFileReference section */

/* Begin PBXFileSystemSynchronizedBuildFileExceptionSet section */
		2FA562AB2D32B54D00D69DA3 /* PBXFileSystemSynchronizedBuildFileExceptionSet */ = {
			isa = PBXFileSystemSynchronizedBuildFileExceptionSet;
			membershipExceptions = (
				Info.plist,
			);
			target = 2FD0EAA329E00D8F00EB19B3 /* LoanCraft */;
		};
		2FFB28B82D7C3B1900F09E41 /* PBXFileSystemSynchronizedBuildFileExceptionSet */ = {
			isa = PBXFileSystemSynchronizedBuildFileExceptionSet;
			membershipExceptions = (
				"Decimal+rounded.swift",
			);
			target = 2FD0EAA329E00D8F00EB19B3 /* LoanCraft */;
		};
		2FFB28B92D7C3B1900F09E41 /* PBXFileSystemSynchronizedBuildFileExceptionSet */ = {
			isa = PBXFileSystemSynchronizedBuildFileExceptionSet;
			membershipExceptions = (
				"Decimal+rounded.swift",
			);
			target = 2FD0EAB329E00D9200EB19B3 /* LoanCraftTests */;
		};
/* End PBXFileSystemSynchronizedBuildFileExceptionSet section */

/* Begin PBXFileSystemSynchronizedRootGroup section */
		2F94B9D92D5DE9B800907DAD /* AppStoreSnapshots */ = {isa = PBXFileSystemSynchronizedRootGroup; explicitFileTypes = {}; explicitFolders = (); path = AppStoreSnapshots; sourceTree = "<group>"; };
		2FA562A42D32B54D00D69DA3 /* LoanCraft */ = {isa = PBXFileSystemSynchronizedRootGroup; exceptions = (2FA562AB2D32B54D00D69DA3 /* PBXFileSystemSynchronizedBuildFileExceptionSet */, ); explicitFileTypes = {}; explicitFolders = (); path = LoanCraft; sourceTree = "<group>"; };
		2FB907A72D79BB660066A56F /* SnapshotTests */ = {isa = PBXFileSystemSynchronizedRootGroup; explicitFileTypes = {}; explicitFolders = (); path = SnapshotTests; sourceTree = "<group>"; };
		2FE1322D2D7BC2C50078A52A /* LoanCraftTests */ = {isa = PBXFileSystemSynchronizedRootGroup; exceptions = (2FFB28B82D7C3B1900F09E41 /* PBXFileSystemSynchronizedBuildFileExceptionSet */, 2FFB28B92D7C3B1900F09E41 /* PBXFileSystemSynchronizedBuildFileExceptionSet */, ); explicitFileTypes = {}; explicitFolders = (); path = LoanCraftTests; sourceTree = "<group>"; };
/* End PBXFileSystemSynchronizedRootGroup section */

/* Begin PBXFrameworksBuildPhase section */
		2F94B9D52D5DE9B800907DAD /* Frameworks */ = {
			isa = PBXFrameworksBuildPhase;
			buildActionMask = 2147483647;
			files = (
			);
			runOnlyForDeploymentPostprocessing = 0;
		};
		2FB907A32D79BB660066A56F /* Frameworks */ = {
			isa = PBXFrameworksBuildPhase;
			buildActionMask = 2147483647;
			files = (
				2FB907B62D79BD290066A56F /* SnapshotTestingCustomDump in Frameworks */,
				2FB907B22D79BD290066A56F /* InlineSnapshotTesting in Frameworks */,
				2FB907B42D79BD290066A56F /* SnapshotTesting in Frameworks */,
			);
			runOnlyForDeploymentPostprocessing = 0;
		};
		2FD0EAA129E00D8F00EB19B3 /* Frameworks */ = {
			isa = PBXFrameworksBuildPhase;
			buildActionMask = 2147483647;
			files = (
				2F35C4392DB4EAED007A2A2D /* Experiment in Frameworks */,
				2FA562B92D4514A600D69DA3 /* AmplitudeSwift in Frameworks */,
				2F7C80452DAA665400139C7C /* NewRelic in Frameworks */,
				2FE296F92E699E8500A19A00 /* PostHog in Frameworks */,
				2F3FA1672D57B8D100A1F01D /* AmplitudeSwiftSessionReplayPlugin in Frameworks */,
				2FBA0C572D844E3200A3626E /* SwiftUIIntrospect in Frameworks */,
			);
			runOnlyForDeploymentPostprocessing = 0;
		};
		2FD0EAB129E00D9200EB19B3 /* Frameworks */ = {
			isa = PBXFrameworksBuildPhase;
			buildActionMask = 2147483647;
			files = (
			);
			runOnlyForDeploymentPostprocessing = 0;
		};
/* End PBXFrameworksBuildPhase section */

/* Begin PBXGroup section */
		2FD0EA9B29E00D8F00EB19B3 = {
			isa = PBXGroup;
			children = (
				2FFB29842D7C731700F09E41 /* SnapshotTests.xctestplan */,
				2FA562A42D32B54D00D69DA3 /* LoanCraft */,
				2FE1322D2D7BC2C50078A52A /* LoanCraftTests */,
				2F94B9D92D5DE9B800907DAD /* AppStoreSnapshots */,
				2FB907A72D79BB660066A56F /* SnapshotTests */,
				2FD0EAA529E00D8F00EB19B3 /* Products */,
			);
			sourceTree = "<group>";
		};
		2FD0EAA529E00D8F00EB19B3 /* Products */ = {
			isa = PBXGroup;
			children = (
				2FD0EAA429E00D8F00EB19B3 /* LoanCraft.app */,
				2FD0EAB429E00D9200EB19B3 /* LoanCraftTests.xctest */,
				2F94B9D82D5DE9B800907DAD /* AppStoreSnapshots.xctest */,
				2FB907A62D79BB660066A56F /* SnapshotTests.xctest */,
			);
			name = Products;
			sourceTree = "<group>";
		};
/* End PBXGroup section */

/* Begin PBXNativeTarget section */
		2F94B9D72D5DE9B800907DAD /* AppStoreSnapshots */ = {
			isa = PBXNativeTarget;
			buildConfigurationList = 2F94B9E02D5DE9B800907DAD /* Build configuration list for PBXNativeTarget "AppStoreSnapshots" */;
			buildPhases = (
				2F94B9D42D5DE9B800907DAD /* Sources */,
				2F94B9D52D5DE9B800907DAD /* Frameworks */,
				2F94B9D62D5DE9B800907DAD /* Resources */,
			);
			buildRules = (
			);
			dependencies = (
				2F94B9DF2D5DE9B800907DAD /* PBXTargetDependency */,
			);
			fileSystemSynchronizedGroups = (
				2F94B9D92D5DE9B800907DAD /* AppStoreSnapshots */,
			);
			name = AppStoreSnapshots;
			packageProductDependencies = (
			);
			productName = AppStoreSnapshots;
			productReference = 2F94B9D82D5DE9B800907DAD /* AppStoreSnapshots.xctest */;
			productType = "com.apple.product-type.bundle.ui-testing";
		};
		2FB907A52D79BB660066A56F /* SnapshotTests */ = {
			isa = PBXNativeTarget;
			buildConfigurationList = 2FB907AC2D79BB660066A56F /* Build configuration list for PBXNativeTarget "SnapshotTests" */;
			buildPhases = (
				2FB907A22D79BB660066A56F /* Sources */,
				2FB907A32D79BB660066A56F /* Frameworks */,
				2FB907A42D79BB660066A56F /* Resources */,
			);
			buildRules = (
			);
			dependencies = (
				2FB907AB2D79BB660066A56F /* PBXTargetDependency */,
			);
			fileSystemSynchronizedGroups = (
				2FB907A72D79BB660066A56F /* SnapshotTests */,
			);
			name = SnapshotTests;
			packageProductDependencies = (
				2FB907B12D79BD290066A56F /* InlineSnapshotTesting */,
				2FB907B32D79BD290066A56F /* SnapshotTesting */,
				2FB907B52D79BD290066A56F /* SnapshotTestingCustomDump */,
			);
			productName = SnapshotTests;
			productReference = 2FB907A62D79BB660066A56F /* SnapshotTests.xctest */;
			productType = "com.apple.product-type.bundle.unit-test";
		};
		2FD0EAA329E00D8F00EB19B3 /* LoanCraft */ = {
			isa = PBXNativeTarget;
			buildConfigurationList = 2FD0EAC829E00D9200EB19B3 /* Build configuration list for PBXNativeTarget "LoanCraft" */;
			buildPhases = (
				2F7919A22AE2C20300B861D5 /* Linter */,
				2FD0EAA029E00D8F00EB19B3 /* Sources */,
				2FD0EAA129E00D8F00EB19B3 /* Frameworks */,
				2FD0EAA229E00D8F00EB19B3 /* Resources */,
				2F7C80E02DAA67AA00139C7C /* Set up NewRelic */,
			);
			buildRules = (
			);
			dependencies = (
			);
			fileSystemSynchronizedGroups = (
				2FA562A42D32B54D00D69DA3 /* LoanCraft */,
			);
			name = LoanCraft;
			productName = LoanCraft;
			productReference = 2FD0EAA429E00D8F00EB19B3 /* LoanCraft.app */;
			productType = "com.apple.product-type.application";
		};
		2FD0EAB329E00D9200EB19B3 /* LoanCraftTests */ = {
			isa = PBXNativeTarget;
			buildConfigurationList = 2FD0EACB29E00D9200EB19B3 /* Build configuration list for PBXNativeTarget "LoanCraftTests" */;
			buildPhases = (
				2FD0EAB029E00D9200EB19B3 /* Sources */,
				2FD0EAB129E00D9200EB19B3 /* Frameworks */,
				2FD0EAB229E00D9200EB19B3 /* Resources */,
			);
			buildRules = (
			);
			dependencies = (
				2FD0EAB629E00D9200EB19B3 /* PBXTargetDependency */,
			);
			fileSystemSynchronizedGroups = (
				2FE1322D2D7BC2C50078A52A /* LoanCraftTests */,
			);
			name = LoanCraftTests;
			productName = LoanCraftTests;
			productReference = 2FD0EAB429E00D9200EB19B3 /* LoanCraftTests.xctest */;
			productType = "com.apple.product-type.bundle.unit-test";
		};
/* End PBXNativeTarget section */

/* Begin PBXProject section */
		2FD0EA9C29E00D8F00EB19B3 /* Project object */ = {
			isa = PBXProject;
			attributes = {
				BuildIndependentTargetsInParallel = 1;
				LastSwiftUpdateCheck = 1620;
				LastUpgradeCheck = 1630;
				TargetAttributes = {
					2F94B9D72D5DE9B800907DAD = {
						CreatedOnToolsVersion = 16.2;
						TestTargetID = 2FD0EAA329E00D8F00EB19B3;
					};
					2FB907A52D79BB660066A56F = {
						CreatedOnToolsVersion = 16.2;
						TestTargetID = 2FD0EAA329E00D8F00EB19B3;
					};
					2FD0EAA329E00D8F00EB19B3 = {
						CreatedOnToolsVersion = 14.3;
					};
					2FD0EAB329E00D9200EB19B3 = {
						CreatedOnToolsVersion = 14.3;
						LastSwiftMigration = 1620;
						TestTargetID = 2FD0EAA329E00D8F00EB19B3;
					};
				};
			};
			buildConfigurationList = 2FD0EA9F29E00D8F00EB19B3 /* Build configuration list for PBXProject "LoanCraft" */;
			compatibilityVersion = "Xcode 14.0";
			developmentRegion = en;
			hasScannedForEncodings = 0;
			knownRegions = (
				en,
				Base,
			);
			mainGroup = 2FD0EA9B29E00D8F00EB19B3;
			packageReferences = (
				2FA562B72D4514A600D69DA3 /* XCRemoteSwiftPackageReference "Amplitude-Swift" */,
				2F3FA1652D57B8D100A1F01D /* XCRemoteSwiftPackageReference "AmplitudeSessionReplay-iOS" */,
				2FB907B02D79BD290066A56F /* XCRemoteSwiftPackageReference "swift-snapshot-testing" */,
				2FBA0C552D844E3200A3626E /* XCRemoteSwiftPackageReference "swiftui-introspect" */,
				2F7C80432DAA665400139C7C /* XCRemoteSwiftPackageReference "newrelic-ios-agent-spm" */,
				2F35C4372DB4EAED007A2A2D /* XCRemoteSwiftPackageReference "experiment-ios-client" */,
				2FE296F72E699E8500A19A00 /* XCRemoteSwiftPackageReference "posthog-ios" */,
			);
			productRefGroup = 2FD0EAA529E00D8F00EB19B3 /* Products */;
			projectDirPath = "";
			projectRoot = "";
			targets = (
				2FD0EAA329E00D8F00EB19B3 /* LoanCraft */,
				2FD0EAB329E00D9200EB19B3 /* LoanCraftTests */,
				2F94B9D72D5DE9B800907DAD /* AppStoreSnapshots */,
				2FB907A52D79BB660066A56F /* SnapshotTests */,
			);
		};
/* End PBXProject section */

/* Begin PBXResourcesBuildPhase section */
		2F94B9D62D5DE9B800907DAD /* Resources */ = {
			isa = PBXResourcesBuildPhase;
			buildActionMask = 2147483647;
			files = (
			);
			runOnlyForDeploymentPostprocessing = 0;
		};
		2FB907A42D79BB660066A56F /* Resources */ = {
			isa = PBXResourcesBuildPhase;
			buildActionMask = 2147483647;
			files = (
			);
			runOnlyForDeploymentPostprocessing = 0;
		};
		2FD0EAA229E00D8F00EB19B3 /* Resources */ = {
			isa = PBXResourcesBuildPhase;
			buildActionMask = 2147483647;
			files = (
			);
			runOnlyForDeploymentPostprocessing = 0;
		};
		2FD0EAB229E00D9200EB19B3 /* Resources */ = {
			isa = PBXResourcesBuildPhase;
			buildActionMask = 2147483647;
			files = (
			);
			runOnlyForDeploymentPostprocessing = 0;
		};
/* End PBXResourcesBuildPhase section */

/* Begin PBXShellScriptBuildPhase section */
		2F7919A22AE2C20300B861D5 /* Linter */ = {
			isa = PBXShellScriptBuildPhase;
			alwaysOutOfDate = 1;
			buildActionMask = 2147483647;
			files = (
			);
			inputFileListPaths = (
			);
			inputPaths = (
			);
			name = Linter;
			outputFileListPaths = (
			);
			outputPaths = (
			);
			runOnlyForDeploymentPostprocessing = 0;
			shellPath = /bin/zsh;
			shellScript = "swift-format format -i -r ${PROJECT_DIR} --configuration .swift-format.json\nswift-format lint -r ${PROJECT_DIR} --configuration .swift-format.json\n";
		};
		2F7C80E02DAA67AA00139C7C /* Set up NewRelic */ = {
			isa = PBXShellScriptBuildPhase;
			alwaysOutOfDate = 1;
			buildActionMask = 2147483647;
			files = (
			);
			inputFileListPaths = (
			);
			inputPaths = (
			);
			name = "Set up NewRelic";
			outputFileListPaths = (
			);
			outputPaths = (
			);
			runOnlyForDeploymentPostprocessing = 0;
			shellPath = /bin/sh;
			shellScript = "# if [ ${CONFIGURATION} = \"Debug\" ]; then\n  # echo \"Skipping DSYM upload CONFIGURATION: ${CONFIGURATION}\"\n  # exit 0\n# fi\nARTIFACT_DIR=\"${BUILD_DIR%Build/*}\"\nSCRIPT=`/usr/bin/find \"${SRCROOT}\" \"${ARTIFACT_DIR}\" -type f -name run-symbol-tool | head -n 1`\n/bin/sh \"${SCRIPT}\" \"AA404fc53169dd101da646745ece4312c54ba48d1b-NRMA\" --debug\n";
		};
/* End PBXShellScriptBuildPhase section */

/* Begin PBXSourcesBuildPhase section */
		2F94B9D42D5DE9B800907DAD /* Sources */ = {
			isa = PBXSourcesBuildPhase;
			buildActionMask = 2147483647;
			files = (
			);
			runOnlyForDeploymentPostprocessing = 0;
		};
		2FB907A22D79BB660066A56F /* Sources */ = {
			isa = PBXSourcesBuildPhase;
			buildActionMask = 2147483647;
			files = (
			);
			runOnlyForDeploymentPostprocessing = 0;
		};
		2FD0EAA029E00D8F00EB19B3 /* Sources */ = {
			isa = PBXSourcesBuildPhase;
			buildActionMask = 2147483647;
			files = (
			);
			runOnlyForDeploymentPostprocessing = 0;
		};
		2FD0EAB029E00D9200EB19B3 /* Sources */ = {
			isa = PBXSourcesBuildPhase;
			buildActionMask = 2147483647;
			files = (
			);
			runOnlyForDeploymentPostprocessing = 0;
		};
/* End PBXSourcesBuildPhase section */

/* Begin PBXTargetDependency section */
		2F94B9DF2D5DE9B800907DAD /* PBXTargetDependency */ = {
			isa = PBXTargetDependency;
			target = 2FD0EAA329E00D8F00EB19B3 /* LoanCraft */;
			targetProxy = 2F94B9DE2D5DE9B800907DAD /* PBXContainerItemProxy */;
		};
		2FB907AB2D79BB660066A56F /* PBXTargetDependency */ = {
			isa = PBXTargetDependency;
			target = 2FD0EAA329E00D8F00EB19B3 /* LoanCraft */;
			targetProxy = 2FB907AA2D79BB660066A56F /* PBXContainerItemProxy */;
		};
		2FD0EAB629E00D9200EB19B3 /* PBXTargetDependency */ = {
			isa = PBXTargetDependency;
			target = 2FD0EAA329E00D8F00EB19B3 /* LoanCraft */;
			targetProxy = 2FD0EAB529E00D9200EB19B3 /* PBXContainerItemProxy */;
		};
/* End PBXTargetDependency section */

/* Begin XCBuildConfiguration section */
		2F94B9E12D5DE9B800907DAD /* Debug */ = {
			isa = XCBuildConfiguration;
			buildSettings = {
				CODE_SIGN_STYLE = Automatic;
				CURRENT_PROJECT_VERSION = 1;
				DEBUG_INFORMATION_FORMAT = dwarf;
				GCC_C_LANGUAGE_STANDARD = gnu17;
				GENERATE_INFOPLIST_FILE = YES;
				IPHONEOS_DEPLOYMENT_TARGET = 18.2;
				LOCALIZATION_PREFERS_STRING_CATALOGS = YES;
				MARKETING_VERSION = 1.0;
				PRODUCT_BUNDLE_IDENTIFIER = com.sankaran.AppStoreSnapshots;
				PRODUCT_NAME = "$(TARGET_NAME)";
				SWIFT_ACTIVE_COMPILATION_CONDITIONS = "DEBUG $(inherited)";
				SWIFT_EMIT_LOC_STRINGS = NO;
				SWIFT_VERSION = 5.0;
				TARGETED_DEVICE_FAMILY = "1,2";
				TEST_TARGET_NAME = LoanCraft;
			};
			name = Debug;
		};
		2F94B9E22D5DE9B800907DAD /* Release */ = {
			isa = XCBuildConfiguration;
			buildSettings = {
				CODE_SIGN_STYLE = Automatic;
				CURRENT_PROJECT_VERSION = 1;
				GCC_C_LANGUAGE_STANDARD = gnu17;
				GENERATE_INFOPLIST_FILE = YES;
				IPHONEOS_DEPLOYMENT_TARGET = 18.2;
				LOCALIZATION_PREFERS_STRING_CATALOGS = YES;
				MARKETING_VERSION = 1.0;
				PRODUCT_BUNDLE_IDENTIFIER = com.sankaran.AppStoreSnapshots;
				PRODUCT_NAME = "$(TARGET_NAME)";
				SWIFT_EMIT_LOC_STRINGS = NO;
				SWIFT_VERSION = 5.0;
				TARGETED_DEVICE_FAMILY = "1,2";
				TEST_TARGET_NAME = LoanCraft;
			};
			name = Release;
		};
		2FB907AD2D79BB660066A56F /* Debug */ = {
			isa = XCBuildConfiguration;
			buildSettings = {
				BUNDLE_LOADER = "$(TEST_HOST)";
				CODE_SIGN_STYLE = Automatic;
				CURRENT_PROJECT_VERSION = 1;
				DEBUG_INFORMATION_FORMAT = dwarf;
				GCC_C_LANGUAGE_STANDARD = gnu17;
				GENERATE_INFOPLIST_FILE = YES;
				IPHONEOS_DEPLOYMENT_TARGET = 18.2;
				LOCALIZATION_PREFERS_STRING_CATALOGS = YES;
				MARKETING_VERSION = 1.0;
				PRODUCT_BUNDLE_IDENTIFIER = com.sankaran.SnapshotTests;
				PRODUCT_NAME = "$(TARGET_NAME)";
				SWIFT_ACTIVE_COMPILATION_CONDITIONS = "DEBUG $(inherited)";
				SWIFT_EMIT_LOC_STRINGS = NO;
				SWIFT_VERSION = 5.0;
				TARGETED_DEVICE_FAMILY = "1,2";
				TEST_HOST = "$(BUILT_PRODUCTS_DIR)/LoanCraft.app/$(BUNDLE_EXECUTABLE_FOLDER_PATH)/LoanCraft";
			};
			name = Debug;
		};
		2FB907AE2D79BB660066A56F /* Release */ = {
			isa = XCBuildConfiguration;
			buildSettings = {
				BUNDLE_LOADER = "$(TEST_HOST)";
				CODE_SIGN_STYLE = Automatic;
				CURRENT_PROJECT_VERSION = 1;
				GCC_C_LANGUAGE_STANDARD = gnu17;
				GENERATE_INFOPLIST_FILE = YES;
				IPHONEOS_DEPLOYMENT_TARGET = 18.2;
				LOCALIZATION_PREFERS_STRING_CATALOGS = YES;
				MARKETING_VERSION = 1.0;
				PRODUCT_BUNDLE_IDENTIFIER = com.sankaran.SnapshotTests;
				PRODUCT_NAME = "$(TARGET_NAME)";
				SWIFT_EMIT_LOC_STRINGS = NO;
				SWIFT_VERSION = 5.0;
				TARGETED_DEVICE_FAMILY = "1,2";
				TEST_HOST = "$(BUILT_PRODUCTS_DIR)/LoanCraft.app/$(BUNDLE_EXECUTABLE_FOLDER_PATH)/LoanCraft";
			};
			name = Release;
		};
		2FD0EAC629E00D9200EB19B3 /* Debug */ = {
			isa = XCBuildConfiguration;
			buildSettings = {
				ALWAYS_SEARCH_USER_PATHS = NO;
				ASSETCATALOG_COMPILER_GENERATE_SWIFT_ASSET_SYMBOL_EXTENSIONS = YES;
				CLANG_ANALYZER_NONNULL = YES;
				CLANG_ANALYZER_NUMBER_OBJECT_CONVERSION = YES_AGGRESSIVE;
				CLANG_CXX_LANGUAGE_STANDARD = "gnu++20";
				CLANG_ENABLE_MODULES = YES;
				CLANG_ENABLE_OBJC_ARC = YES;
				CLANG_ENABLE_OBJC_WEAK = YES;
				CLANG_WARN_BLOCK_CAPTURE_AUTORELEASING = YES;
				CLANG_WARN_BOOL_CONVERSION = YES;
				CLANG_WARN_COMMA = YES;
				CLANG_WARN_CONSTANT_CONVERSION = YES;
				CLANG_WARN_DEPRECATED_OBJC_IMPLEMENTATIONS = YES;
				CLANG_WARN_DIRECT_OBJC_ISA_USAGE = YES_ERROR;
				CLANG_WARN_DOCUMENTATION_COMMENTS = YES;
				CLANG_WARN_EMPTY_BODY = YES;
				CLANG_WARN_ENUM_CONVERSION = YES;
				CLANG_WARN_INFINITE_RECURSION = YES;
				CLANG_WARN_INT_CONVERSION = YES;
				CLANG_WARN_NON_LITERAL_NULL_CONVERSION = YES;
				CLANG_WARN_OBJC_IMPLICIT_RETAIN_SELF = YES;
				CLANG_WARN_OBJC_LITERAL_CONVERSION = YES;
				CLANG_WARN_OBJC_ROOT_CLASS = YES_ERROR;
				CLANG_WARN_QUOTED_INCLUDE_IN_FRAMEWORK_HEADER = YES;
				CLANG_WARN_RANGE_LOOP_ANALYSIS = YES;
				CLANG_WARN_STRICT_PROTOTYPES = YES;
				CLANG_WARN_SUSPICIOUS_MOVE = YES;
				CLANG_WARN_UNGUARDED_AVAILABILITY = YES_AGGRESSIVE;
				CLANG_WARN_UNREACHABLE_CODE = YES;
				CLANG_WARN__DUPLICATE_METHOD_MATCH = YES;
				COPY_PHASE_STRIP = NO;
				DEBUG_INFORMATION_FORMAT = "dwarf-with-dsym";
				DEVELOPMENT_TEAM = VZBMFUFU3J;
				ENABLE_DEBUG_DYLIB = YES;
				ENABLE_STRICT_OBJC_MSGSEND = YES;
				ENABLE_TESTABILITY = YES;
				ENABLE_USER_SCRIPT_SANDBOXING = NO;
				GCC_C_LANGUAGE_STANDARD = gnu11;
				GCC_DYNAMIC_NO_PIC = NO;
				GCC_NO_COMMON_BLOCKS = YES;
				GCC_OPTIMIZATION_LEVEL = 0;
				GCC_PREPROCESSOR_DEFINITIONS = (
					"DEBUG=1",
					"$(inherited)",
				);
				GCC_WARN_64_TO_32_BIT_CONVERSION = YES;
				GCC_WARN_ABOUT_RETURN_TYPE = YES_ERROR;
				GCC_WARN_UNDECLARED_SELECTOR = YES;
				GCC_WARN_UNINITIALIZED_AUTOS = YES_AGGRESSIVE;
				GCC_WARN_UNUSED_FUNCTION = YES;
				GCC_WARN_UNUSED_VARIABLE = YES;
				GENERATE_INFOPLIST_FILE = YES;
				IPHONEOS_DEPLOYMENT_TARGET = 18.0;
				LD_GENERATE_MAP_FILE = YES;
				MTL_ENABLE_DEBUG_INFO = INCLUDE_SOURCE;
				MTL_FAST_MATH = YES;
				ONLY_ACTIVE_ARCH = YES;
				OTHER_LDFLAGS = "-ObjC";
				SDKROOT = iphoneos;
				SWIFT_ACTIVE_COMPILATION_CONDITIONS = DEBUG;
				SWIFT_OPTIMIZATION_LEVEL = "-Onone";
			};
			name = Debug;
		};
		2FD0EAC729E00D9200EB19B3 /* Release */ = {
			isa = XCBuildConfiguration;
			buildSettings = {
				ALWAYS_SEARCH_USER_PATHS = NO;
				ASSETCATALOG_COMPILER_GENERATE_SWIFT_ASSET_SYMBOL_EXTENSIONS = YES;
				CLANG_ANALYZER_NONNULL = YES;
				CLANG_ANALYZER_NUMBER_OBJECT_CONVERSION = YES_AGGRESSIVE;
				CLANG_CXX_LANGUAGE_STANDARD = "gnu++20";
				CLANG_ENABLE_MODULES = YES;
				CLANG_ENABLE_OBJC_ARC = YES;
				CLANG_ENABLE_OBJC_WEAK = YES;
				CLANG_WARN_BLOCK_CAPTURE_AUTORELEASING = YES;
				CLANG_WARN_BOOL_CONVERSION = YES;
				CLANG_WARN_COMMA = YES;
				CLANG_WARN_CONSTANT_CONVERSION = YES;
				CLANG_WARN_DEPRECATED_OBJC_IMPLEMENTATIONS = YES;
				CLANG_WARN_DIRECT_OBJC_ISA_USAGE = YES_ERROR;
				CLANG_WARN_DOCUMENTATION_COMMENTS = YES;
				CLANG_WARN_EMPTY_BODY = YES;
				CLANG_WARN_ENUM_CONVERSION = YES;
				CLANG_WARN_INFINITE_RECURSION = YES;
				CLANG_WARN_INT_CONVERSION = YES;
				CLANG_WARN_NON_LITERAL_NULL_CONVERSION = YES;
				CLANG_WARN_OBJC_IMPLICIT_RETAIN_SELF = YES;
				CLANG_WARN_OBJC_LITERAL_CONVERSION = YES;
				CLANG_WARN_OBJC_ROOT_CLASS = YES_ERROR;
				CLANG_WARN_QUOTED_INCLUDE_IN_FRAMEWORK_HEADER = YES;
				CLANG_WARN_RANGE_LOOP_ANALYSIS = YES;
				CLANG_WARN_STRICT_PROTOTYPES = YES;
				CLANG_WARN_SUSPICIOUS_MOVE = YES;
				CLANG_WARN_UNGUARDED_AVAILABILITY = YES_AGGRESSIVE;
				CLANG_WARN_UNREACHABLE_CODE = YES;
				CLANG_WARN__DUPLICATE_METHOD_MATCH = YES;
				COPY_PHASE_STRIP = NO;
				DEBUG_INFORMATION_FORMAT = "dwarf-with-dsym";
				DEVELOPMENT_TEAM = VZBMFUFU3J;
				ENABLE_DEBUG_DYLIB = YES;
				ENABLE_NS_ASSERTIONS = NO;
				ENABLE_STRICT_OBJC_MSGSEND = YES;
				ENABLE_USER_SCRIPT_SANDBOXING = NO;
				GCC_C_LANGUAGE_STANDARD = gnu11;
				GCC_NO_COMMON_BLOCKS = YES;
				GCC_WARN_64_TO_32_BIT_CONVERSION = YES;
				GCC_WARN_ABOUT_RETURN_TYPE = YES_ERROR;
				GCC_WARN_UNDECLARED_SELECTOR = YES;
				GCC_WARN_UNINITIALIZED_AUTOS = YES_AGGRESSIVE;
				GCC_WARN_UNUSED_FUNCTION = YES;
				GCC_WARN_UNUSED_VARIABLE = YES;
				GENERATE_INFOPLIST_FILE = YES;
				IPHONEOS_DEPLOYMENT_TARGET = 18.0;
				LD_GENERATE_MAP_FILE = YES;
				MTL_ENABLE_DEBUG_INFO = NO;
				MTL_FAST_MATH = YES;
				OTHER_LDFLAGS = "-ObjC";
				SDKROOT = iphoneos;
				SWIFT_COMPILATION_MODE = wholemodule;
				SWIFT_OPTIMIZATION_LEVEL = "-O";
				VALIDATE_PRODUCT = YES;
			};
			name = Release;
		};
		2FD0EAC929E00D9200EB19B3 /* Debug */ = {
			isa = XCBuildConfiguration;
			buildSettings = {
				ASSETCATALOG_COMPILER_APPICON_NAME = AppIcon;
				ASSETCATALOG_COMPILER_GLOBAL_ACCENT_COLOR_NAME = AccentColor;
				CODE_SIGN_ENTITLEMENTS = LoanCraft/LoanCraft.entitlements;
				CODE_SIGN_IDENTITY = "Apple Development";
				CODE_SIGN_STYLE = Automatic;
				CURRENT_PROJECT_VERSION = 1;
				DEBUG_INFORMATION_FORMAT = "dwarf-with-dsym";
				DEVELOPMENT_ASSET_PATHS = "";
				DEVELOPMENT_TEAM = VZBMFUFU3J;
				ENABLE_PREVIEWS = YES;
				GENERATE_INFOPLIST_FILE = YES;
				INFOPLIST_FILE = LoanCraft/Info.plist;
				INFOPLIST_KEY_CFBundleDisplayName = LoanCraft;
				INFOPLIST_KEY_LSApplicationCategoryType = "public.app-category.productivity";
				INFOPLIST_KEY_UIApplicationSceneManifest_Generation = YES;
				INFOPLIST_KEY_UIApplicationSupportsIndirectInputEvents = YES;
				INFOPLIST_KEY_UILaunchScreen_Generation = YES;
				INFOPLIST_KEY_UIStatusBarStyle = "";
				INFOPLIST_KEY_UISupportedInterfaceOrientations = UIInterfaceOrientationPortrait;
				INFOPLIST_KEY_UISupportedInterfaceOrientations_iPad = "UIInterfaceOrientationLandscapeLeft UIInterfaceOrientationLandscapeRight UIInterfaceOrientationPortrait UIInterfaceOrientationPortraitUpsideDown";
				IPHONEOS_DEPLOYMENT_TARGET = 18.0;
				LD_RUNPATH_SEARCH_PATHS = (
					"$(inherited)",
					"@executable_path/Frameworks",
				);
				MARKETING_VERSION = 0.0.5;
				OTHER_LDFLAGS = "-ObjC";
				PRODUCT_BUNDLE_IDENTIFIER = com.sankaran.loancraft;
				PRODUCT_NAME = "$(TARGET_NAME)";
				PROVISIONING_PROFILE_SPECIFIER = "";
				SWIFT_EMIT_LOC_STRINGS = YES;
				SWIFT_VERSION = 5.0;
				TARGETED_DEVICE_FAMILY = "1,2";
			};
			name = Debug;
		};
		2FD0EACA29E00D9200EB19B3 /* Release */ = {
			isa = XCBuildConfiguration;
			buildSettings = {
				ASSETCATALOG_COMPILER_APPICON_NAME = AppIcon;
				ASSETCATALOG_COMPILER_GLOBAL_ACCENT_COLOR_NAME = AccentColor;
				CODE_SIGN_ENTITLEMENTS = LoanCraft/LoanCraft.entitlements;
				CODE_SIGN_IDENTITY = "Apple Development";
				CODE_SIGN_STYLE = Automatic;
				CURRENT_PROJECT_VERSION = 1;
				DEVELOPMENT_ASSET_PATHS = "";
				DEVELOPMENT_TEAM = VZBMFUFU3J;
				ENABLE_PREVIEWS = YES;
				GENERATE_INFOPLIST_FILE = YES;
				INFOPLIST_FILE = LoanCraft/Info.plist;
				INFOPLIST_KEY_CFBundleDisplayName = LoanCraft;
				INFOPLIST_KEY_LSApplicationCategoryType = "public.app-category.productivity";
				INFOPLIST_KEY_UIApplicationSceneManifest_Generation = YES;
				INFOPLIST_KEY_UIApplicationSupportsIndirectInputEvents = YES;
				INFOPLIST_KEY_UILaunchScreen_Generation = YES;
				INFOPLIST_KEY_UIStatusBarStyle = "";
				INFOPLIST_KEY_UISupportedInterfaceOrientations = UIInterfaceOrientationPortrait;
				INFOPLIST_KEY_UISupportedInterfaceOrientations_iPad = "UIInterfaceOrientationLandscapeLeft UIInterfaceOrientationLandscapeRight UIInterfaceOrientationPortrait UIInterfaceOrientationPortraitUpsideDown";
				IPHONEOS_DEPLOYMENT_TARGET = 18.0;
				LD_RUNPATH_SEARCH_PATHS = (
					"$(inherited)",
					"@executable_path/Frameworks",
				);
				MARKETING_VERSION = 0.0.5;
				OTHER_LDFLAGS = "-ObjC";
				PRODUCT_BUNDLE_IDENTIFIER = com.sankaran.loancraft;
				PRODUCT_NAME = "$(TARGET_NAME)";
				PROVISIONING_PROFILE_SPECIFIER = "";
				SWIFT_EMIT_LOC_STRINGS = YES;
				SWIFT_VERSION = 5.0;
				TARGETED_DEVICE_FAMILY = "1,2";
			};
			name = Release;
		};
		2FD0EACC29E00D9200EB19B3 /* Debug */ = {
			isa = XCBuildConfiguration;
			buildSettings = {
				BUNDLE_LOADER = "$(TEST_HOST)";
				CLANG_ENABLE_MODULES = YES;
				CODE_SIGN_STYLE = Automatic;
				CURRENT_PROJECT_VERSION = 1;
				GENERATE_INFOPLIST_FILE = YES;
				IPHONEOS_DEPLOYMENT_TARGET = 18.0;
				MARKETING_VERSION = 1.0;
				PRODUCT_BUNDLE_IDENTIFIER = com.sankaran.loancraftTests;
				PRODUCT_NAME = "$(TARGET_NAME)";
				SWIFT_EMIT_LOC_STRINGS = NO;
				SWIFT_OPTIMIZATION_LEVEL = "-Onone";
				SWIFT_VERSION = 5.0;
				TARGETED_DEVICE_FAMILY = "1,2";
				TEST_HOST = "$(BUILT_PRODUCTS_DIR)/LoanCraft.app/$(BUNDLE_EXECUTABLE_FOLDER_PATH)/LoanCraft";
			};
			name = Debug;
		};
		2FD0EACD29E00D9200EB19B3 /* Release */ = {
			isa = XCBuildConfiguration;
			buildSettings = {
				BUNDLE_LOADER = "$(TEST_HOST)";
				CLANG_ENABLE_MODULES = YES;
				CODE_SIGN_STYLE = Automatic;
				CURRENT_PROJECT_VERSION = 1;
				GENERATE_INFOPLIST_FILE = YES;
				IPHONEOS_DEPLOYMENT_TARGET = 18.0;
				MARKETING_VERSION = 1.0;
				PRODUCT_BUNDLE_IDENTIFIER = com.sankaran.loancraftTests;
				PRODUCT_NAME = "$(TARGET_NAME)";
				SWIFT_EMIT_LOC_STRINGS = NO;
				SWIFT_VERSION = 5.0;
				TARGETED_DEVICE_FAMILY = "1,2";
				TEST_HOST = "$(BUILT_PRODUCTS_DIR)/LoanCraft.app/$(BUNDLE_EXECUTABLE_FOLDER_PATH)/LoanCraft";
			};
			name = Release;
		};
/* End XCBuildConfiguration section */

/* Begin XCConfigurationList section */
		2F94B9E02D5DE9B800907DAD /* Build configuration list for PBXNativeTarget "AppStoreSnapshots" */ = {
			isa = XCConfigurationList;
			buildConfigurations = (
				2F94B9E12D5DE9B800907DAD /* Debug */,
				2F94B9E22D5DE9B800907DAD /* Release */,
			);
			defaultConfigurationIsVisible = 0;
			defaultConfigurationName = Release;
		};
		2FB907AC2D79BB660066A56F /* Build configuration list for PBXNativeTarget "SnapshotTests" */ = {
			isa = XCConfigurationList;
			buildConfigurations = (
				2FB907AD2D79BB660066A56F /* Debug */,
				2FB907AE2D79BB660066A56F /* Release */,
			);
			defaultConfigurationIsVisible = 0;
			defaultConfigurationName = Release;
		};
		2FD0EA9F29E00D8F00EB19B3 /* Build configuration list for PBXProject "LoanCraft" */ = {
			isa = XCConfigurationList;
			buildConfigurations = (
				2FD0EAC629E00D9200EB19B3 /* Debug */,
				2FD0EAC729E00D9200EB19B3 /* Release */,
			);
			defaultConfigurationIsVisible = 0;
			defaultConfigurationName = Release;
		};
		2FD0EAC829E00D9200EB19B3 /* Build configuration list for PBXNativeTarget "LoanCraft" */ = {
			isa = XCConfigurationList;
			buildConfigurations = (
				2FD0EAC929E00D9200EB19B3 /* Debug */,
				2FD0EACA29E00D9200EB19B3 /* Release */,
			);
			defaultConfigurationIsVisible = 0;
			defaultConfigurationName = Release;
		};
		2FD0EACB29E00D9200EB19B3 /* Build configuration list for PBXNativeTarget "LoanCraftTests" */ = {
			isa = XCConfigurationList;
			buildConfigurations = (
				2FD0EACC29E00D9200EB19B3 /* Debug */,
				2FD0EACD29E00D9200EB19B3 /* Release */,
			);
			defaultConfigurationIsVisible = 0;
			defaultConfigurationName = Release;
		};
/* End XCConfigurationList section */

/* Begin XCRemoteSwiftPackageReference section */
		2F35C4372DB4EAED007A2A2D /* XCRemoteSwiftPackageReference "experiment-ios-client" */ = {
			isa = XCRemoteSwiftPackageReference;
			repositoryURL = "https://github.com/amplitude/experiment-ios-client";
			requirement = {
				branch = main;
				kind = branch;
			};
		};
		2F3FA1652D57B8D100A1F01D /* XCRemoteSwiftPackageReference "AmplitudeSessionReplay-iOS" */ = {
			isa = XCRemoteSwiftPackageReference;
			repositoryURL = "https://github.com/amplitude/AmplitudeSessionReplay-iOS.git";
			requirement = {
				branch = main;
				kind = branch;
			};
		};
		2F7C80432DAA665400139C7C /* XCRemoteSwiftPackageReference "newrelic-ios-agent-spm" */ = {
			isa = XCRemoteSwiftPackageReference;
			repositoryURL = "https://github.com/newrelic/newrelic-ios-agent-spm";
			requirement = {
				kind = upToNextMajorVersion;
				minimumVersion = 7.5.4;
			};
		};
		2FA562B72D4514A600D69DA3 /* XCRemoteSwiftPackageReference "Amplitude-Swift" */ = {
			isa = XCRemoteSwiftPackageReference;
			repositoryURL = "https://github.com/amplitude/Amplitude-Swift";
			requirement = {
				branch = main;
				kind = branch;
			};
		};
		2FB907B02D79BD290066A56F /* XCRemoteSwiftPackageReference "swift-snapshot-testing" */ = {
			isa = XCRemoteSwiftPackageReference;
			repositoryURL = "https://github.com/pointfreeco/swift-snapshot-testing";
			requirement = {
				kind = upToNextMajorVersion;
				minimumVersion = 1.18.1;
			};
		};
		2FBA0C552D844E3200A3626E /* XCRemoteSwiftPackageReference "swiftui-introspect" */ = {
			isa = XCRemoteSwiftPackageReference;
			repositoryURL = "https://github.com/siteline/swiftui-introspect";
			requirement = {
				kind = upToNextMajorVersion;
				minimumVersion = 1.3.0;
			};
		};
		2FE296F72E699E8500A19A00 /* XCRemoteSwiftPackageReference "posthog-ios" */ = {
			isa = XCRemoteSwiftPackageReference;
			repositoryURL = "https://github.com/PostHog/posthog-ios.git";
			requirement = {
				kind = upToNextMinorVersion;
				minimumVersion = 3.31.0;
			};
		};
/* End XCRemoteSwiftPackageReference section */

/* Begin XCSwiftPackageProductDependency section */
		2F35C4382DB4EAED007A2A2D /* Experiment */ = {
			isa = XCSwiftPackageProductDependency;
			package = 2F35C4372DB4EAED007A2A2D /* XCRemoteSwiftPackageReference "experiment-ios-client" */;
			productName = Experiment;
		};
		2F3FA1662D57B8D100A1F01D /* AmplitudeSwiftSessionReplayPlugin */ = {
			isa = XCSwiftPackageProductDependency;
			package = 2F3FA1652D57B8D100A1F01D /* XCRemoteSwiftPackageReference "AmplitudeSessionReplay-iOS" */;
			productName = AmplitudeSwiftSessionReplayPlugin;
		};
		2F7C80442DAA665400139C7C /* NewRelic */ = {
			isa = XCSwiftPackageProductDependency;
			package = 2F7C80432DAA665400139C7C /* XCRemoteSwiftPackageReference "newrelic-ios-agent-spm" */;
			productName = NewRelic;
		};
		2FA562B82D4514A600D69DA3 /* AmplitudeSwift */ = {
			isa = XCSwiftPackageProductDependency;
			package = 2FA562B72D4514A600D69DA3 /* XCRemoteSwiftPackageReference "Amplitude-Swift" */;
			productName = AmplitudeSwift;
		};
		2FB907B12D79BD290066A56F /* InlineSnapshotTesting */ = {
			isa = XCSwiftPackageProductDependency;
			package = 2FB907B02D79BD290066A56F /* XCRemoteSwiftPackageReference "swift-snapshot-testing" */;
			productName = InlineSnapshotTesting;
		};
		2FB907B32D79BD290066A56F /* SnapshotTesting */ = {
			isa = XCSwiftPackageProductDependency;
			package = 2FB907B02D79BD290066A56F /* XCRemoteSwiftPackageReference "swift-snapshot-testing" */;
			productName = SnapshotTesting;
		};
		2FB907B52D79BD290066A56F /* SnapshotTestingCustomDump */ = {
			isa = XCSwiftPackageProductDependency;
			package = 2FB907B02D79BD290066A56F /* XCRemoteSwiftPackageReference "swift-snapshot-testing" */;
			productName = SnapshotTestingCustomDump;
		};
		2FBA0C562D844E3200A3626E /* SwiftUIIntrospect */ = {
			isa = XCSwiftPackageProductDependency;
			package = 2FBA0C552D844E3200A3626E /* XCRemoteSwiftPackageReference "swiftui-introspect" */;
			productName = SwiftUIIntrospect;
		};
		2FE296F82E699E8500A19A00 /* PostHog */ = {
			isa = XCSwiftPackageProductDependency;
			package = 2FE296F72E699E8500A19A00 /* XCRemoteSwiftPackageReference "posthog-ios" */;
			productName = PostHog;
		};
/* End XCSwiftPackageProductDependency section */
	};
	rootObject = 2FD0EA9C29E00D8F00EB19B3 /* Project object */;
}
